
Microsoft Visual Studio Solution File, Format Version 12.00
# Visual Studio Version 17
VisualStudioVersion = 17.11.35222.181
MinimumVisualStudioVersion = 10.0.40219.1
Project("{9A19103F-16F7-4668-BE54-9A1E7A4F7556}") = "demo", "demo\demo.csproj", "{995B73D5-D877-4D26-9FAB-DE716EFCCD01}"
EndProject
Global
	GlobalSection(SolutionConfigurationPlatforms) = preSolution
		Debug|Any CPU = Debug|Any CPU
		Release|Any CPU = Release|Any CPU
	EndGlobalSection
	GlobalSection(ProjectConfigurationPlatforms) = postSolution
		{995B73D5-D877-4D26-9FAB-DE716EFCCD01}.Debug|Any CPU.ActiveCfg = Debug|Any CPU
		{995B73D5-D877-4D26-9FAB-DE716EFCCD01}.Debug|Any CPU.Build.0 = Debug|Any CPU
		{995B73D5-D877-4D26-9FAB-DE716EFCCD01}.Release|Any CPU.ActiveCfg = Release|Any CPU
		{995B73D5-D877-4D26-9FAB-DE716EFCCD01}.Release|Any CPU.Build.0 = Release|Any CPU
	EndGlobalSection
	GlobalSection(SolutionProperties) = preSolution
		HideSolutionNode = FALSE
	EndGlobalSection
	GlobalSection(ExtensibilityGlobals) = postSolution
		SolutionGuid = {31339004-1010-43C0-B166-3583EFC01CF8}
	EndGlobalSection
EndGlobal
